# Generated by pub
# See https://dart.dev/tools/pub/glossary#lockfile
packages:
  args:
    dependency: transitive
    description:
      name: args
      sha256: d0481093c50b1da8910eb0bb301626d4d8eb7284aa739614d2b394ee09e3ea04
      url: "https://pub.dev"
    source: hosted
    version: "2.7.0"
  async:
    dependency: transitive
    description:
      name: async
      sha256: e2eb0491ba5ddb6177742d2da23904574082139b07c1e33b8503b9f46f3e1a37
      url: "https://pub.dev"
    source: hosted
    version: "2.13.0"
  boolean_selector:
    dependency: transitive
    description:
      name: boolean_selector
      sha256: 355e7681dbb2f45a70d11902f1c6446a6d974fec558f2d7f68af220e745c4f8d
      url: "https://pub.dev"
    source: hosted
    version: "2.1.2"
  characters:
    dependency: transitive
    description:
      name: characters
      sha256: 2c561183db9d28a4b55bc634e2b975890eb74513fb84c2b0b1e8848d60eb3fc2
      url: "https://pub.dev"
    source: hosted
    version: "1.4.0"
  clock:
    dependency: transitive
    description:
      name: clock
      sha256: fcf1e77aa3f12efba3edcf58c07fa0992182ec6b52cd47c1113987094f77c9bc
      url: "https://pub.dev"
    source: hosted
    version: "1.1.2"
  collection:
    dependency: transitive
    description:
      name: collection
      sha256: ee67cb07159198e469a3f0626bc3cc3a0485f2d3ef96901f8235e6b53ac0e555
      url: "https://pub.dev"
    source: hosted
    version: "1.19.1"
  cross_file:
    dependency: transitive
    description:
      name: cross_file
      sha256: e51fa9b5dd2b1963399cf88eb1163e385c3da64e4603a55f30022f8af236f0d5
      url: "https://pub.dev"
    source: hosted
    version: "0.3.4+2"
  crypto:
    dependency: transitive
    description:
      name: crypto
      sha256: 1dd8f3fc78f2786543d1079e10f9016f0ae21378b6e30cae12a2ff085b47d02d
      url: "https://pub.dev"
    source: hosted
    version: "3.0.6"
  cupertino_icons:
    dependency: transitive
    description:
      name: cupertino_icons
      sha256: c6ed5c52fed5727c61d6a4a1559ed81e8b31c38fe8a6dd693e3b7401411c5a3b
      url: "https://pub.dev"
    source: hosted
    version: "1.0.8"
  fake_async:
    dependency: transitive
    description:
      name: fake_async
      sha256: 5368f224a74523e8d2eecf90f52f6b0c497fa40d5a2dc13b1f1cc724376dfd3d
      url: "https://pub.dev"
    source: hosted
    version: "1.3.3"
  ffi:
    dependency: transitive
    description:
      name: ffi
      sha256: 289279317b4b16ad236e4d7ca6dce914b75f383b146968a57f25b0698f6c18c7
      url: "https://pub.dev"
    source: hosted
    version: "2.1.4"
  file:
    dependency: transitive
    description:
      name: file
      sha256: 4e5fc1db7298d5767c3373a64550f15971f8c27b4f267f0d8e72ae2da94d025e
      url: "https://pub.dev"
    source: hosted
    version: "7.0.1"
  file_selector:
    dependency: "direct main"
    description:
      name: file_selector
      sha256: eaca646185587b4b0347ad7f9eeb9c5072f31c3012142753648973aacbe54cde
      url: "https://pub.dev"
    source: hosted
    version: "1.0.3"
  file_selector_android:
    dependency: transitive
    description:
      name: file_selector_android
      sha256: d2317834d700408672a722580104123698b0f04a5cba6ed7c636bb13762bce5c
      url: "https://pub.dev"
    source: hosted
    version: "0.5.1+16"
  file_selector_ios:
    dependency: transitive
    description:
      name: file_selector_ios
      sha256: 3f1d33e5702c507c47a0956320a9bd151c4a0a8c471de0a16c8afe7f5290c77d
      url: "https://pub.dev"
    source: hosted
    version: "0.5.3+5"
  file_selector_linux:
    dependency: transitive
    description:
      name: file_selector_linux
      sha256: d4a17eb722c1a9cc7f66deed379e11a9834b8827165b330c3b11530fcf1f7ba4
      url: "https://pub.dev"
    source: hosted
    version: "0.9.3+2"
  file_selector_macos:
    dependency: transitive
    description:
      name: file_selector_macos
      sha256: 80493c5679cb318c7e3dc802c563a21ac3fa5f38bd36204e3976850983277728
      url: "https://pub.dev"
    source: hosted
    version: "0.9.4+4"
  file_selector_platform_interface:
    dependency: transitive
    description:
      name: file_selector_platform_interface
      sha256: 46146ad0a288413ad873a069c50b2e7c5a1e3d04cf6860fc28bb923ebe02afc6
      url: "https://pub.dev"
    source: hosted
    version: "2.6.2"
  file_selector_windows:
    dependency: transitive
    description:
      name: file_selector_windows
      sha256: ddf741c0c75a251f78b2122a6fec5a1adf172691c3a618108da99602ae0857e2
      url: "https://pub.dev"
    source: hosted
    version: "0.9.3+5"
  flutter:
    dependency: "direct main"
    description: flutter
    source: sdk
    version: "0.0.0"
  flutter_lints:
    dependency: "direct dev"
    description:
      name: flutter_lints
      sha256: 5398f14efa795ffb7a33e9b6a08798b26a180edac4ad7db3f231e40f82ce11e1
      url: "https://pub.dev"
    source: hosted
    version: "6.0.0"
  flutter_secure_storage:
    dependency: "direct main"
    description:
      name: flutter_secure_storage
      sha256: 7a51624c73c8c959181539be550687eed35f1de4e6de16916968d182874c417e
      url: "https://pub.dev"
    source: hosted
    version: "9.2.4"
  flutter_secure_storage_linux:
    dependency: transitive
    description:
      name: flutter_secure_storage_linux
      sha256: 06f304132c463a8837256356c691f2f9c4247ad2b76f0c9c5dbcd5cf869f76a3
      url: "https://pub.dev"
    source: hosted
    version: "1.2.3"
  flutter_secure_storage_macos:
    dependency: transitive
    description:
      name: flutter_secure_storage_macos
      sha256: f68f17a09c6fc998b65b2e081bd65ee0c0d5b2e4cbb13785ba52775719f36410
      url: "https://pub.dev"
    source: hosted
    version: "3.1.3"
  flutter_secure_storage_platform_interface:
    dependency: transitive
    description:
      name: flutter_secure_storage_platform_interface
      sha256: 96c10ac33a730ce5b7eff2d52b3538120308442ddce13dc8f091a5621181c5aa
      url: "https://pub.dev"
    source: hosted
    version: "1.1.2"
  flutter_secure_storage_web:
    dependency: transitive
    description:
      name: flutter_secure_storage_web
      sha256: 11b64fd46a347d5bf7c08c31cfc0095a021695a0c5af1b6c242b58c458d162ca
      url: "https://pub.dev"
    source: hosted
    version: "1.2.1"
  flutter_secure_storage_windows:
    dependency: transitive
    description:
      name: flutter_secure_storage_windows
      sha256: ccf39db3a5bbf7f3f29360f6e66bcd92ec911926e968b404541e3f687165f0ca
      url: "https://pub.dev"
    source: hosted
    version: "3.1.2"
  flutter_test:
    dependency: "direct dev"
    description: flutter
    source: sdk
    version: "0.0.0"
  flutter_tts:
    dependency: "direct main"
    description:
      name: flutter_tts
      sha256: 69507afe6aca06238cc05c9bb993053947e123502aec9e4f8dad8b013dd44dbc
      url: "https://pub.dev"
    source: hosted
    version: "4.2.5"
  flutter_web_plugins:
    dependency: transitive
    description: flutter
    source: sdk
    version: "0.0.0"
  geolocator:
    dependency: "direct main"
    description:
      name: geolocator
      sha256: 2d8aa06b965c7a887d453ef63192b231a09c9f98c136386b95a63abf9afde747
      url: "https://pub.dev"
    source: hosted
    version: "14.0.2"
  geolocator_android:
    dependency: transitive
    description:
      name: geolocator_android
      sha256: "86ea1654e4f61ff51466848e91c116b422d6010ea269fda0fbe1af7e9e742ce1"
      url: "https://pub.dev"
    source: hosted
    version: "5.0.3"
  geolocator_apple:
    dependency: transitive
    description:
      name: geolocator_apple
      sha256: "853803d6bb1713c094e935b4a5ae5f19c0308acf81da13fa9ff84fb4c70c0b73"
      url: "https://pub.dev"
    source: hosted
    version: "2.3.14"
  geolocator_linux:
    dependency: transitive
    description:
      name: geolocator_linux
      sha256: d64112a205931926f4363bb6bd48f14cb38e7326833041d170615586cd143797
      url: "https://pub.dev"
    source: hosted
    version: "0.2.4"
  geolocator_platform_interface:
    dependency: transitive
    description:
      name: geolocator_platform_interface
      sha256: 18e0bd8baa5ad46f7f10ed45b6561814188c5ed56fdd42a118565dc5e19a7b0c
      url: "https://pub.dev"
    source: hosted
    version: "4.2.6"
  geolocator_web:
    dependency: transitive
    description:
      name: geolocator_web
      sha256: eef48f8a987b354fe0b79450a04f1199009f528055fc029cad5679bb6f6ec839
      url: "https://pub.dev"
    source: hosted
    version: "4.1.3"
  geolocator_windows:
    dependency: transitive
    description:
      name: geolocator_windows
      sha256: 5726e382e1dc2d493025edc5154dc9647bb8b246629737d174c9e92f74792f03
      url: "https://pub.dev"
    source: hosted
    version: "0.2.5"
  http:
    dependency: "direct main"
    description:
      name: http
      sha256: "2c11b3f94c687a01f7cc49531c03f35b32e4f8c8943782f403c21bda1723e2e0"
      url: "https://pub.dev"
    source: hosted
    version: "1.6.0"
  http_parser:
    dependency: transitive
    description:
      name: http_parser
      sha256: b9bf7f2b1407e81f4466973d944f94e453aaff55df14c3f432198515c679ee8b
      url: "https://pub.dev"
    source: hosted
    version: "4.1.2"
  leak_tracker:
    dependency: transitive
    description:
      name: leak_tracker
      sha256: 01aef9ce5c18e91700ee7e3275a42be7959b242cb427e91730092522f87cbafb
      url: "https://pub.dev"
    source: hosted
    version: "11.0.2"
  leak_tracker_flutter_testing:
    dependency: transitive
    description:
      name: leak_tracker_flutter_testing
      sha256: 1174a409036dd339177878329e7d3db9b481f4fb14465431cc2de23a4960f674
      url: "https://pub.dev"
    source: hosted
    version: "3.0.10"
  leak_tracker_testing:
    dependency: transitive
    description:
      name: leak_tracker_testing
      sha256: 9d1d3ef09241bf9e38eaf82525b40a1bedec867fb654dab4229f4fbf73e4282e
      url: "https://pub.dev"
    source: hosted
    version: "3.0.2"
  lints:
    dependency: transitive
    description:
      name: lints
      sha256: 69e2d3e50cf2b1e9870fb15ddfa213ccb1239a7cfc1e864a16b362cf24698c8d
      url: "https://pub.dev"
    source: hosted
    version: "6.0.0"
  matcher:
    dependency: transitive
    description:
      name: matcher
      sha256: 3b4ef66fda5f7de9e49c32e33f57df429543189509ec471ed0145272da72aeb7
      url: "https://pub.dev"
    source: hosted
    version: "0.12.17"
  material_color_utilities:
    dependency: transitive
    description:
      name: material_color_utilities
      sha256: 3f1e78ededa04937f92506753f2ab499e0c1192d4ed4ef2fbf74820a6b918b30
      url: "https://pub.dev"
    source: hosted
    version: "0.11.1"
  meta:
    dependency: transitive
    description:
      name: meta
      sha256: 15e89f3724d5c40f2f2cb26b53b02145b40c2b992f00dadd5d7e193206537dca
      url: "https://pub.dev"
    source: hosted
    version: "1.17.0"
  mime:
    dependency: transitive
    description:
      name: mime
      sha256: d0d8c5b11ce09a4f5090d0431e3a9d03e0a80aa4801011ef51ff710695394c37
      url: "https://pub.dev"
    source: hosted
    version: "2.0.0"
  path:
    dependency: transitive
    description:
      name: path
      sha256: 75cca69b1490965be98fb73c86f83e9e48a5fa7bc7674005ea9d53c8b6aa59b
      url: "https://pub.dev"
    source: hosted
    version: "1.9.1"
  path_provider_linux:
    dependency: transitive
    description:
      name: path_provider_linux
      sha256: 15562e59861db7789dd47177340546104784b6091d2f10d074255ebd2e8f4c27
      url: "https://pub.dev"
    source: hosted
    version: "2.2.1"
  path_provider_platform_interface:
    dependency: transitive
    description:
      name: path_provider_platform_interface
      sha256: 94a6e5cc1a12200939b5ac7f1899401458440e707a3f06ea9c5da08e32c364d0
      url: "https://pub.dev"
    source: hosted
    version: "2.1.2"
  path_provider_windows:
    dependency: transitive
    description:
      name: path_provider_windows
      sha256: 59381bfa234373e39baf439bf1c98ac28336d09f4a2e8dddc2a832b5d29ca4bb
      url: "https://pub.dev"
    source: hosted
    version: "2.3.0"
  plugin_platform_interface:
    dependency: transitive
    description:
      name: plugin_platform_interface
      sha256: 9e45464933d22086690cb4aef627ee8a0a818fd147ad4dc87f005cc4384bd27c
      url: "https://pub.dev"
    source: hosted
    version: "2.1.8"
  shared_preferences:
    dependency: "direct main"
    description:
      name: shared_preferences
      sha256: 858985228b3da1526839c12c3d3de92c4212fca79e6a6210375f2230c47c31c0
      url: "https://pub.dev"
    source: hosted
    version: "2.5.5"
  shared_preferences_android:
    dependency: transitive
    description:
      name: shared_preferences_android
      sha256: 57a083aff10f27577995921ee6d7020d74a82bfca7d29efd2587b14fffb98b46
      url: "https://pub.dev"
    source: hosted
    version: "2.4.20"
  shared_preferences_foundation:
    dependency: transitive
    description:
      name: shared_preferences_foundation
      sha256: 7453fdab592120de2412119283c75ab79aaf8ae5cd5d4dd401f57702cbce0894
      url: "https://pub.dev"
    source: hosted
    version: "2.5.6"
  shared_preferences_linux:
    dependency: transitive
    description:
      name: shared_preferences_linux
      sha256: 93517ad11e151e5d52e8f247a4575285720526c5447023a4c54905e1ae7e8068
      url: "https://pub.dev"
    source: hosted
    version: "2.4.1"
  shared_preferences_platform_interface:
    dependency: transitive
    description:
      name: shared_preferences_platform_interface
      sha256: 903bd6659fa3297fc4ba7192bc3f29615d137e6749175e921c0392670a9e8e45
      url: "https://pub.dev"
    source: hosted
    version: "2.4.1"
  shared_preferences_web:
    dependency: transitive
    description:
      name: shared_preferences_web
      sha256: 03543ff14c6fe16f49217a10a5cededb1f81f433414b8b04a759cd63be96067d
      url: "https://pub.dev"
    source: hosted
    version: "2.4.3"
  shared_preferences_windows:
    dependency: transitive
    description:
      name: shared_preferences_windows
      sha256: d41cb6dc789bd4992249961f8a813856a29df3c0e869a25eb72a54185b1f979a
      url: "https://pub.dev"
    source: hosted
    version: "2.4.1"
  sky_engine:
    dependency: transitive
    description: flutter
    source: sdk
    version: "0.0.99"
  source_span:
    dependency: transitive
    description:
      name: source_span
      sha256: f81cd4a2df2d7ad6d70048dcf9c8bba67b7c241c1084c44232a7ca459fabdc6f
      url: "https://pub.dev"
    source: hosted
    version: "1.10.1"
  stack_trace:
    dependency: transitive
    description:
      name: stack_trace
      sha256: 8b27215b45d223b7b02e8964513be6ae01e5fb769e449f4f0d3830553ee1b4ae
      url: "https://pub.dev"
    source: hosted
    version: "1.12.1"
  stream_channel:
    dependency: transitive
    description:
      name: stream_channel
      sha256: 969e8b24c2e356b3787e380bc220d0249103b302b2ba5f94ea57809862750fd0
      url: "https://pub.dev"
    source: hosted
    version: "2.1.4"
  string_scanner:
    dependency: transitive
    description:
      name: string_scanner
      sha256: 8d56a0fdd718053ac1de2c9acff838ccacff28e9c5c015e4a106e195c3b22e5c
      url: "https://pub.dev"
    source: hosted
    version: "1.4.1"
  term_glyph:
    dependency: transitive
    description:
      name: term_glyph
      sha256: 7f554798625ea768a7518313e58f83891c7f5024d3d35dbff2ee0cc3bf67a93a
      url: "https://pub.dev"
    source: hosted
    version: "1.2.2"
  test_api:
    dependency: transitive
    description:
      name: test_api
      sha256: 4543666ec3250950c89cb64bc8308d8c05b190fc7cf5f4d27c488428e8e83f8b
      url: "https://pub.dev"
    source: hosted
    version: "0.7.7"
  typed_data:
    dependency: transitive
    description:
      name: typed_data
      sha256: 24f5c8580d2610d55ccbbda67610f13c290906fdf77b72fbe86dd827998c466c
      url: "https://pub.dev"
    source: hosted
    version: "1.4.0"
  url_launcher:
    dependency: "direct main"
    description:
      name: url_launcher
      sha256: 5e27520d4055bba051addff1e7007ef80f735ae87bdb6e446759027df3c452bc
      url: "https://pub.dev"
    source: hosted
    version: "6.3.2"
  url_launcher_android:
    dependency: transitive
    description:
      name: url_launcher_android
      sha256: 5b4dd1b09b6c40fa21902418a96880d46ff3f7eb54e320cd3f89a25d94260d2a
      url: "https://pub.dev"
    source: hosted
    version: "6.3.26"
  url_launcher_ios:
    dependency: transitive
    description:
      name: url_launcher_ios
      sha256: a4ff32097f7be1276b9e94f25e3600a223b4926d1cf8562452bfb9adea341c82
      url: "https://pub.dev"
    source: hosted
    version: "6.3.6"
  url_launcher_linux:
    dependency: transitive
    description:
      name: url_launcher_linux
      sha256: d4af67dadc8bb20c8fdff6931d8e9bf34bd9ad670cf65da6b6f98e8f50eb9f9
      url: "https://pub.dev"
    source: hosted
    version: "3.2.2"
  url_launcher_macos:
    dependency: transitive
    description:
      name: url_launcher_macos
      sha256: 6ded93a4de1573634733647a1685587065f6d1db1b8a8ef6d6aea24ef271d4af
      url: "https://pub.dev"
    source: hosted
    version: "3.2.5"
  url_launcher_platform_interface:
    dependency: transitive
    description:
      name: url_launcher_platform_interface
      sha256: 552f7d4bbfcb9c9770d3e31923c39ba6ce50b00d710313e462393f9f61f9c8f4
      url: "https://pub.dev"
    source: hosted
    version: "2.3.2"
  url_launcher_web:
    dependency: transitive
    description:
      name: url_launcher_web
      sha256: 0230e4108491f564b7a1b7661b5227e351208653b3cac3b852232f0175622cbb
      url: "https://pub.dev"
    source: hosted
    version: "2.4.1"
  url_launcher_windows:
    dependency: transitive
    description:
      name: url_launcher_windows
      sha256: 3d9bc08329086aafac32c80a30b17d7c0c27794555a510a5e2f00e247e722d2a
      url: "https://pub.dev"
    source: hosted
    version: "3.1.5"
  vector_math:
    dependency: transitive
    description:
      name: vector_math
      sha256: 350f7035202f5092e0108e56b3ca31766507788882f050c1407c1d60a84e57a3
      url: "https://pub.dev"
    source: hosted
    version: "2.1.4"
  vm_service:
    dependency: transitive
    description:
      name: vm_service
      sha256: a428ae3791b0ed27bdd01de2687ea5f00d14379a3ef4d7f01cae61ae4e81b1fa
      url: "https://pub.dev"
    source: hosted
    version: "15.0.0"
  web:
    dependency: transitive
    description:
      name: web
      sha256: 86c5aa609f0b0615f857d12f933e76e3266b947bab60b1f7998b61bb57be2f4f
      url: "https://pub.dev"
    source: hosted
    version: "1.1.1"
  xdg_directories:
    dependency: transitive
    description:
      name: xdg_directories
      sha256: 7fc9db009822204ec4eb0150771f74dfcc5ab7809ad2ce3d59f6628c066c6d0b
      url: "https://pub.dev"
    source: hosted
    version: "1.1.0"
sdks:
  dart: ">=3.9.0 <4.0.0"
  flutter: ">=3.32.0"
